{
  "name": "buyasoul-cpl",
  "version": "1.0.0",
  "lockfileVersion": 3,
  "requires": true,
  "packages": {
    "": {
      "name": "buyasoul-cpl",
      "version": "1.0.0",
      "license": "ISC",
      "dependencies": {
        "@babylonjs/core": "^7.30.0",
        "three": "^0.185.1"
      },
      "devDependencies": {}
    },
    "node_modules/@babylonjs/core": {
      "version": "7.54.3",
      "resolved": "https://registry.npmjs.org/@babylonjs/core/-/core-7.54.3.tgz",
      "integrity": "sha512-P5ncXVd8GEUJLhwloP9V0oVwQYIrvZztguVeLlvd5Rx+9aQnenKjpV8auJ6SRsUlAmNZU4pFTKzwF6o2EUfhAw==",
      "license": "Apache-2.0"
    },
    "node_modules/three": {
      "version": "0.185.1",
      "resolved": "https://registry.npmjs.org/three/-/three-0.185.1.tgz",
      "integrity": "sha512-5aojFCXKwnjBRZvUnt3WFfEcvUJgkN5LlijRFN95hMy8WVkG4I0QNcJE+OuWvuJ0bOdStrbfXn0pkd6/QyiAlg==",
      "license": "MIT"
    }
  }
}
